
Microsoft Visual Studio Solution File, Format Version 10.00
# Visual Studio 2008
Project("{FAE04EC0-301F-11D3-BF4B-00C04F79EFBC}") = "MergeImage", "MergeImage.csproj", "{EEA9F05C-0CE3-4F20-A1DA-659DCBA241B2}"
EndProject
Global
	GlobalSection(SolutionConfigurationPlatforms) = preSolution
		Debug|Any CPU = Debug|Any CPU
		Release|Any CPU = Release|Any CPU
	EndGlobalSection
	GlobalSection(ProjectConfigurationPlatforms) = postSolution
		{EEA9F05C-0CE3-4F20-A1DA-659DCBA241B2}.Debug|Any CPU.ActiveCfg = Debug|Any CPU
		{EEA9F05C-0CE3-4F20-A1DA-659DCBA241B2}.Debug|Any CPU.Build.0 = Debug|Any CPU
		{EEA9F05C-0CE3-4F20-A1DA-659DCBA241B2}.Release|Any CPU.ActiveCfg = Release|Any CPU
		{EEA9F05C-0CE3-4F20-A1DA-659DCBA241B2}.Release|Any CPU.Build.0 = Release|Any CPU
	EndGlobalSection
	GlobalSection(SolutionProperties) = preSolution
		HideSolutionNode = FALSE
	EndGlobalSection
EndGlobal
