
Microsoft Visual Studio Solution File, Format Version 9.00
# Visual Studio 2005
Project("{FAE04EC0-301F-11D3-BF4B-00C04F79EFBC}") = "VSComment", "VSComment.csproj", "{F33B14C9-6CA3-43A7-9C51-45FE5B671764}"
EndProject
Project("{54435603-DBB4-11D2-8724-00A0C9A8B90C}") = "VSCommentSetup", "VSCommentSetup.vdproj", "{5A08A6B4-01A0-4096-AA0B-5EDCBAA39819}"
EndProject
Global
	GlobalSection(SolutionConfigurationPlatforms) = preSolution
		Debug|Any CPU = Debug|Any CPU
		Release|Any CPU = Release|Any CPU
	EndGlobalSection
	GlobalSection(ProjectConfigurationPlatforms) = postSolution
		{F33B14C9-6CA3-43A7-9C51-45FE5B671764}.Debug|Any CPU.ActiveCfg = Debug|Any CPU
		{F33B14C9-6CA3-43A7-9C51-45FE5B671764}.Debug|Any CPU.Build.0 = Debug|Any CPU
		{F33B14C9-6CA3-43A7-9C51-45FE5B671764}.Release|Any CPU.ActiveCfg = Release|Any CPU
		{F33B14C9-6CA3-43A7-9C51-45FE5B671764}.Release|Any CPU.Build.0 = Release|Any CPU
		{5A08A6B4-01A0-4096-AA0B-5EDCBAA39819}.Debug|Any CPU.ActiveCfg = Debug
		{5A08A6B4-01A0-4096-AA0B-5EDCBAA39819}.Debug|Any CPU.Build.0 = Debug
		{5A08A6B4-01A0-4096-AA0B-5EDCBAA39819}.Release|Any CPU.ActiveCfg = Release
		{5A08A6B4-01A0-4096-AA0B-5EDCBAA39819}.Release|Any CPU.Build.0 = Release
	EndGlobalSection
	GlobalSection(SolutionProperties) = preSolution
		HideSolutionNode = FALSE
	EndGlobalSection
EndGlobal
